{
  "requires": true,
  "lockfileVersion": 1,
  "dependencies": {
    "@adyen/adyen-web": {
      "version": "4.7.3",
      "resolved": "https://registry.npmjs.org/@adyen/adyen-web/-/adyen-web-4.7.3.tgz",
      "integrity": "sha512-PScBuaIxFlVPOs50z5Yu2tknTQUJzPCboXzVHaFLpJzQrohgOkkCXjvbPgUif5qdvWz8Pj/Jbu4G6fDr/DOB8Q==",
      "requires": {
        "@types/applepayjs": "^3.0.2",
        "@types/googlepay": "^0.6.2",
        "classnames": "^2.3.1",
        "core-js": "^3.14.0",
        "preact": "^10.5.13"
      }
    },
    "@types/applepayjs": {
      "version": "3.0.2",
      "resolved": "https://registry.npmjs.org/@types/applepayjs/-/applepayjs-3.0.2.tgz",
      "integrity": "sha512-rxw8jS/eDZ3ceBGThboHrB+TFbwrqGhOMRXSQjNBfxtQorK/mc9Xmu2JSKT5yqrJkQaZT/podzhm8OOdVI+Dow=="
    },
    "@types/googlepay": {
      "version": "0.6.2",
      "resolved": "https://registry.npmjs.org/@types/googlepay/-/googlepay-0.6.2.tgz",
      "integrity": "sha512-dXIQI0ECX4BJlurhVqH08bpY3bXhpLyen8t23cHUVTy+/rdZW5vOjg9qdiceI/GtVsd9f4ri4CLxSZ/YIWGCqw=="
    },
    "classnames": {
      "version": "2.3.1",
      "resolved": "https://registry.npmjs.org/classnames/-/classnames-2.3.1.tgz",
      "integrity": "sha512-OlQdbZ7gLfGarSqxesMesDa5uz7KFbID8Kpq/SxIoNGDqY8lSYs0D+hhtBXhcdB3rcbXArFr7vlHheLk1voeNA=="
    },
    "core-js": {
      "version": "3.16.0",
      "resolved": "https://registry.npmjs.org/core-js/-/core-js-3.16.0.tgz",
      "integrity": "sha512-5+5VxRFmSf97nM8Jr2wzOwLqRo6zphH2aX+7KsAUONObyzakDNq2G/bgbhinxB4PoV9L3aXQYhiDKyIKWd2c8g=="
    },
    "preact": {
      "version": "10.5.14",
      "resolved": "https://registry.npmjs.org/preact/-/preact-10.5.14.tgz",
      "integrity": "sha512-KojoltCrshZ099ksUZ2OQKfbH66uquFoxHSbnwKbTJHeQNvx42EmC7wQVWNuDt6vC5s3nudRHFtKbpY4ijKlaQ=="
    }
  }
}
